
Microsoft Visual Studio Solution File, Format Version 12.00
# Visual Studio Version 16
VisualStudioVersion = 16.0.31911.196
MinimumVisualStudioVersion = 10.0.40219.1
Project("{9A19103F-16F7-4668-BE54-9A1E7A4F7556}") = "StudentPlatformAPI", "StudentPlatformAPI.csproj", "{7FCEFD77-40F3-4C09-8C9D-AF71A87D3CEC}"
EndProject
Project("{FAE04EC0-301F-11D3-BF4B-00C04F79EFBC}") = "FunctionalTests", "..\FunctionalTests\FunctionalTests.csproj", "{5AF8F953-989C-4523-98D8-A72EE166B1D2}"
EndProject
Global
	GlobalSection(SolutionConfigurationPlatforms) = preSolution
		Debug|Any CPU = Debug|Any CPU
		Release|Any CPU = Release|Any CPU
	EndGlobalSection
	GlobalSection(ProjectConfigurationPlatforms) = postSolution
		{7FCEFD77-40F3-4C09-8C9D-AF71A87D3CEC}.Debug|Any CPU.ActiveCfg = Debug|Any CPU
		{7FCEFD77-40F3-4C09-8C9D-AF71A87D3CEC}.Debug|Any CPU.Build.0 = Debug|Any CPU
		{7FCEFD77-40F3-4C09-8C9D-AF71A87D3CEC}.Release|Any CPU.ActiveCfg = Release|Any CPU
		{7FCEFD77-40F3-4C09-8C9D-AF71A87D3CEC}.Release|Any CPU.Build.0 = Release|Any CPU
		{5AF8F953-989C-4523-98D8-A72EE166B1D2}.Debug|Any CPU.ActiveCfg = Debug|Any CPU
		{5AF8F953-989C-4523-98D8-A72EE166B1D2}.Debug|Any CPU.Build.0 = Debug|Any CPU
		{5AF8F953-989C-4523-98D8-A72EE166B1D2}.Release|Any CPU.ActiveCfg = Release|Any CPU
		{5AF8F953-989C-4523-98D8-A72EE166B1D2}.Release|Any CPU.Build.0 = Release|Any CPU
	EndGlobalSection
	GlobalSection(SolutionProperties) = preSolution
		HideSolutionNode = FALSE
	EndGlobalSection
	GlobalSection(ExtensibilityGlobals) = postSolution
		SolutionGuid = {3D9D68DC-2D33-4129-BD10-1D389AE02A79}
	EndGlobalSection
EndGlobal
